
Microsoft Visual Studio Solution File, Format Version 12.00
# Visual Studio Version 17
VisualStudioVersion = 17.13.35931.197 d17.13
MinimumVisualStudioVersion = 10.0.40219.1
Project("{FAE04EC0-301F-11D3-BF4B-00C04F79EFBC}") = "TaskManagerAPI", "TaskManagerAPI\TaskManagerAPI.csproj", "{79025FE1-8D6E-4E8F-905C-1835244CE965}"
EndProject
Project("{FAE04EC0-301F-11D3-BF4B-00C04F79EFBC}") = "TaskManagerAPI_tests", "TaskManagerAPI_tests\TaskManagerAPI_tests.csproj", "{46A157B0-780A-48F9-9723-46988F152A47}"
EndProject
Global
	GlobalSection(SolutionConfigurationPlatforms) = preSolution
		Debug|Any CPU = Debug|Any CPU
		Release|Any CPU = Release|Any CPU
	EndGlobalSection
	GlobalSection(ProjectConfigurationPlatforms) = postSolution
		{79025FE1-8D6E-4E8F-905C-1835244CE965}.Debug|Any CPU.ActiveCfg = Debug|Any CPU
		{79025FE1-8D6E-4E8F-905C-1835244CE965}.Debug|Any CPU.Build.0 = Debug|Any CPU
		{79025FE1-8D6E-4E8F-905C-1835244CE965}.Release|Any CPU.ActiveCfg = Release|Any CPU
		{79025FE1-8D6E-4E8F-905C-1835244CE965}.Release|Any CPU.Build.0 = Release|Any CPU
		{46A157B0-780A-48F9-9723-46988F152A47}.Debug|Any CPU.ActiveCfg = Debug|Any CPU
		{46A157B0-780A-48F9-9723-46988F152A47}.Debug|Any CPU.Build.0 = Debug|Any CPU
		{46A157B0-780A-48F9-9723-46988F152A47}.Release|Any CPU.ActiveCfg = Release|Any CPU
		{46A157B0-780A-48F9-9723-46988F152A47}.Release|Any CPU.Build.0 = Release|Any CPU
	EndGlobalSection
	GlobalSection(SolutionProperties) = preSolution
		HideSolutionNode = FALSE
	EndGlobalSection
	GlobalSection(ExtensibilityGlobals) = postSolution
		SolutionGuid = {4E7378EE-5A09-41F1-BFB7-0112B6A40488}
	EndGlobalSection
EndGlobal
